
Microsoft Visual Studio Solution File, Format Version 12.00
# Visual Studio 2013
VisualStudioVersion = 12.0.31101.0
MinimumVisualStudioVersion = 10.0.40219.1
Project("{FAE04EC0-301F-11D3-BF4B-00C04F79EFBC}") = "RouteDistanceCalculator", "Thoughtworks_Train\RouteDistanceCalculator.csproj", "{649CAD30-46E5-408A-B0A1-E8154FB2A3E2}"
EndProject
Project("{FAE04EC0-301F-11D3-BF4B-00C04F79EFBC}") = "RouteDistanceCalculator.Tests", "RouteDistanceCalculator.Tests\RouteDistanceCalculator.Tests.csproj", "{749160FE-8BB7-41DF-9ED9-7DB1BDA2FB1E}"
EndProject
Project("{FAE04EC0-301F-11D3-BF4B-00C04F79EFBC}") = "MaxNumberOfTripsCalculator.Tests", "MaxNumberOfTripsCalculator.Tests\MaxNumberOfTripsCalculator.Tests.csproj", "{A1A8B3F4-98AF-43C7-B77F-DC8F54E8AFD7}"
EndProject
Project("{FAE04EC0-301F-11D3-BF4B-00C04F79EFBC}") = "MaxNumberOfTripsCalculator", "MaxNumberOfTripsCalculator\MaxNumberOfTripsCalculator.csproj", "{4D1A1E10-ABF0-409D-B21C-42A4A3B6E16F}"
EndProject
Project("{FAE04EC0-301F-11D3-BF4B-00C04F79EFBC}") = "ExactStopsCalculator", "ExactStopsCalculator\ExactStopsCalculator.csproj", "{DDC7BD13-E8E1-49A1-A442-BD46B95F274E}"
EndProject
Project("{FAE04EC0-301F-11D3-BF4B-00C04F79EFBC}") = "ExactStopsCalculator.Tests", "ExactStopsCalculator.Tests\ExactStopsCalculator.Tests.csproj", "{C29ADF95-2553-4A48-9FB1-A17414135FD3}"
EndProject
Project("{FAE04EC0-301F-11D3-BF4B-00C04F79EFBC}") = "ShortestDistanceCalculator", "ShortestRouteCalculator\ShortestDistanceCalculator.csproj", "{2EBAB151-84FA-4100-98CD-BE74375A4D29}"
EndProject
Project("{FAE04EC0-301F-11D3-BF4B-00C04F79EFBC}") = "ShortestDistanceCalculator.Tests", "ShortestRouteCalculator.Tests\ShortestDistanceCalculator.Tests.csproj", "{E786054C-AF05-433E-8E53-ED2EEEDE0D85}"
EndProject
Project("{2150E333-8FDC-42A3-9474-1A3956D46DE8}") = "Tests", "Tests", "{08793B86-0376-4C9C-9CF1-5690C5F85BD8}"
EndProject
Global
	GlobalSection(SolutionConfigurationPlatforms) = preSolution
		Debug|Any CPU = Debug|Any CPU
		Release|Any CPU = Release|Any CPU
	EndGlobalSection
	GlobalSection(ProjectConfigurationPlatforms) = postSolution
		{649CAD30-46E5-408A-B0A1-E8154FB2A3E2}.Debug|Any CPU.ActiveCfg = Debug|Any CPU
		{649CAD30-46E5-408A-B0A1-E8154FB2A3E2}.Debug|Any CPU.Build.0 = Debug|Any CPU
		{649CAD30-46E5-408A-B0A1-E8154FB2A3E2}.Release|Any CPU.ActiveCfg = Release|Any CPU
		{649CAD30-46E5-408A-B0A1-E8154FB2A3E2}.Release|Any CPU.Build.0 = Release|Any CPU
		{749160FE-8BB7-41DF-9ED9-7DB1BDA2FB1E}.Debug|Any CPU.ActiveCfg = Debug|Any CPU
		{749160FE-8BB7-41DF-9ED9-7DB1BDA2FB1E}.Debug|Any CPU.Build.0 = Debug|Any CPU
		{749160FE-8BB7-41DF-9ED9-7DB1BDA2FB1E}.Release|Any CPU.ActiveCfg = Release|Any CPU
		{749160FE-8BB7-41DF-9ED9-7DB1BDA2FB1E}.Release|Any CPU.Build.0 = Release|Any CPU
		{A1A8B3F4-98AF-43C7-B77F-DC8F54E8AFD7}.Debug|Any CPU.ActiveCfg = Debug|Any CPU
		{A1A8B3F4-98AF-43C7-B77F-DC8F54E8AFD7}.Debug|Any CPU.Build.0 = Debug|Any CPU
		{A1A8B3F4-98AF-43C7-B77F-DC8F54E8AFD7}.Release|Any CPU.ActiveCfg = Release|Any CPU
		{A1A8B3F4-98AF-43C7-B77F-DC8F54E8AFD7}.Release|Any CPU.Build.0 = Release|Any CPU
		{4D1A1E10-ABF0-409D-B21C-42A4A3B6E16F}.Debug|Any CPU.ActiveCfg = Debug|Any CPU
		{4D1A1E10-ABF0-409D-B21C-42A4A3B6E16F}.Debug|Any CPU.Build.0 = Debug|Any CPU
		{4D1A1E10-ABF0-409D-B21C-42A4A3B6E16F}.Release|Any CPU.ActiveCfg = Release|Any CPU
		{4D1A1E10-ABF0-409D-B21C-42A4A3B6E16F}.Release|Any CPU.Build.0 = Release|Any CPU
		{DDC7BD13-E8E1-49A1-A442-BD46B95F274E}.Debug|Any CPU.ActiveCfg = Debug|Any CPU
		{DDC7BD13-E8E1-49A1-A442-BD46B95F274E}.Debug|Any CPU.Build.0 = Debug|Any CPU
		{DDC7BD13-E8E1-49A1-A442-BD46B95F274E}.Release|Any CPU.ActiveCfg = Release|Any CPU
		{DDC7BD13-E8E1-49A1-A442-BD46B95F274E}.Release|Any CPU.Build.0 = Release|Any CPU
		{C29ADF95-2553-4A48-9FB1-A17414135FD3}.Debug|Any CPU.ActiveCfg = Debug|Any CPU
		{C29ADF95-2553-4A48-9FB1-A17414135FD3}.Debug|Any CPU.Build.0 = Debug|Any CPU
		{C29ADF95-2553-4A48-9FB1-A17414135FD3}.Release|Any CPU.ActiveCfg = Release|Any CPU
		{C29ADF95-2553-4A48-9FB1-A17414135FD3}.Release|Any CPU.Build.0 = Release|Any CPU
		{2EBAB151-84FA-4100-98CD-BE74375A4D29}.Debug|Any CPU.ActiveCfg = Debug|Any CPU
		{2EBAB151-84FA-4100-98CD-BE74375A4D29}.Debug|Any CPU.Build.0 = Debug|Any CPU
		{2EBAB151-84FA-4100-98CD-BE74375A4D29}.Release|Any CPU.ActiveCfg = Release|Any CPU
		{2EBAB151-84FA-4100-98CD-BE74375A4D29}.Release|Any CPU.Build.0 = Release|Any CPU
		{E786054C-AF05-433E-8E53-ED2EEEDE0D85}.Debug|Any CPU.ActiveCfg = Debug|Any CPU
		{E786054C-AF05-433E-8E53-ED2EEEDE0D85}.Debug|Any CPU.Build.0 = Debug|Any CPU
		{E786054C-AF05-433E-8E53-ED2EEEDE0D85}.Release|Any CPU.ActiveCfg = Release|Any CPU
		{E786054C-AF05-433E-8E53-ED2EEEDE0D85}.Release|Any CPU.Build.0 = Release|Any CPU
	EndGlobalSection
	GlobalSection(SolutionProperties) = preSolution
		HideSolutionNode = FALSE
	EndGlobalSection
	GlobalSection(NestedProjects) = preSolution
		{749160FE-8BB7-41DF-9ED9-7DB1BDA2FB1E} = {08793B86-0376-4C9C-9CF1-5690C5F85BD8}
		{A1A8B3F4-98AF-43C7-B77F-DC8F54E8AFD7} = {08793B86-0376-4C9C-9CF1-5690C5F85BD8}
		{C29ADF95-2553-4A48-9FB1-A17414135FD3} = {08793B86-0376-4C9C-9CF1-5690C5F85BD8}
		{E786054C-AF05-433E-8E53-ED2EEEDE0D85} = {08793B86-0376-4C9C-9CF1-5690C5F85BD8}
	EndGlobalSection
EndGlobal
